# This file is generated by running "yarn install" inside your project.
# Manual changes might be lost - proceed with caution!

__metadata:
  version: 5

"@lspec/yarn-issues@workspace:.":
  version: 0.0.0-use.local
  resolution: "@lspec/yarn-issues@workspace:."
  languageName: unknown
  linkType: soft
